<?xml version="1.0" encoding="utf-8"?>
<Project ToolsVersion="4.0" xmlns="http://schemas.microsoft.com/developer/msbuild/2003">
  <ItemGroup>
    <Filter Include="default">
      <UniqueIdentifier>{e01f7db6-91d9-44a9-ac77-890b089b2a55}</UniqueIdentifier>
    </Filter>
    <Filter Include="default\리소스 파일">
      <UniqueIdentifier>{67DA6AB6-F800-4c08-8B7A-83BB121AAD01}</UniqueIdentifier>
      <Extensions>rc;ico;cur;bmp;dlg;rc2;rct;bin;rgs;gif;jpg;jpeg;jpe;resx;tiff;tif;png;wav;mfcribbon-ms</Extensions>
    </Filter>
    <Filter Include="Engine">
      <UniqueIdentifier>{a557bdb2-99d9-4bfe-8b5d-56265b54f33c}</UniqueIdentifier>
    </Filter>
    <Filter Include="Engine\01.header">
      <UniqueIdentifier>{3cbfc0f0-c6ec-4b35-a5cf-4e22bdda1583}</UniqueIdentifier>
    </Filter>
    <Filter Include="Engine\02.core">
      <UniqueIdentifier>{9729b935-59a0-434f-8f2c-d0dd92a4c786}</UniqueIdentifier>
    </Filter>
  </ItemGroup>
  <ItemGroup>
    <ClInclude Include="CCore.h">
      <Filter>Engine\02.core</Filter>
    </ClInclude>
    <ClInclude Include="framework.h">
      <Filter>default</Filter>
    </ClInclude>
    <ClInclude Include="Resource.h">
      <Filter>default</Filter>
    </ClInclude>
    <ClInclude Include="targetver.h">
      <Filter>default</Filter>
    </ClInclude>
    <ClInclude Include="WindowApiTest.h">
      <Filter>default</Filter>
    </ClInclude>
  </ItemGroup>
  <ItemGroup>
    <ClCompile Include="CCore.cpp">
      <Filter>Engine\02.core</Filter>
    </ClCompile>
    <ClCompile Include="WindowApiTest.cpp">
      <Filter>default</Filter>
    </ClCompile>
  </ItemGroup>
  <ItemGroup>
    <ResourceCompile Include="WindowApiTest.rc">
      <Filter>default\리소스 파일</Filter>
    </ResourceCompile>
  </ItemGroup>
  <ItemGroup>
    <Image Include="small.ico">
      <Filter>default\리소스 파일</Filter>
    </Image>
    <Image Include="WindowApiTest.ico">
      <Filter>default\리소스 파일</Filter>
    </Image>
  </ItemGroup>
</Project>